
Microsoft Visual Studio Solution File, Format Version 11.00
# Visual Studio 2010
Project("{FAE04EC0-301F-11D3-BF4B-00C04F79EFBC}") = "A1Q6", "A1Q6\A1Q6.csproj", "{DA75ECB3-8135-4891-A0FC-128BA619E9EB}"
EndProject
Global
	GlobalSection(SolutionConfigurationPlatforms) = preSolution
		Debug|x86 = Debug|x86
		Release|x86 = Release|x86
	EndGlobalSection
	GlobalSection(ProjectConfigurationPlatforms) = postSolution
		{DA75ECB3-8135-4891-A0FC-128BA619E9EB}.Debug|x86.ActiveCfg = Debug|x86
		{DA75ECB3-8135-4891-A0FC-128BA619E9EB}.Debug|x86.Build.0 = Debug|x86
		{DA75ECB3-8135-4891-A0FC-128BA619E9EB}.Release|x86.ActiveCfg = Release|x86
		{DA75ECB3-8135-4891-A0FC-128BA619E9EB}.Release|x86.Build.0 = Release|x86
	EndGlobalSection
	GlobalSection(SolutionProperties) = preSolution
		HideSolutionNode = FALSE
	EndGlobalSection
EndGlobal
