
Microsoft Visual Studio Solution File, Format Version 11.00
# Visual Studio 2010
Project("{FAE04EC0-301F-11D3-BF4B-00C04F79EFBC}") = "A1Q18", "A1Q18\A1Q18.csproj", "{B02807C5-9B87-4EAC-B606-C20BF8B3963B}"
EndProject
Global
	GlobalSection(SolutionConfigurationPlatforms) = preSolution
		Debug|x86 = Debug|x86
		Release|x86 = Release|x86
	EndGlobalSection
	GlobalSection(ProjectConfigurationPlatforms) = postSolution
		{B02807C5-9B87-4EAC-B606-C20BF8B3963B}.Debug|x86.ActiveCfg = Debug|x86
		{B02807C5-9B87-4EAC-B606-C20BF8B3963B}.Debug|x86.Build.0 = Debug|x86
		{B02807C5-9B87-4EAC-B606-C20BF8B3963B}.Release|x86.ActiveCfg = Release|x86
		{B02807C5-9B87-4EAC-B606-C20BF8B3963B}.Release|x86.Build.0 = Release|x86
	EndGlobalSection
	GlobalSection(SolutionProperties) = preSolution
		HideSolutionNode = FALSE
	EndGlobalSection
EndGlobal
